{
  "name": "access-control",
  "version": "0.0.1",
  "lockfileVersion": 2,
  "requires": true,
  "packages": {
    "": {
      "name": "access-control",
      "version": "0.0.1",
      "dependencies": {
        "tslib": "^2.3.1"
      },
      "devDependencies": {
        "@angular/cdk": "^13.1.1",
        "@angular/common": "^13.1.1",
        "@angular/core": "^13.1.1",
        "@angular/material": "^13.1.1",
        "@capacitor-community/barcode-scanner": "^2.1.1",
        "@ionic/angular": "^6.0.1"
      },
      "peerDependencies": {
        "@angular/cdk": "^13.1.1",
        "@angular/common": "^13.1.1",
        "@angular/core": "^13.1.1",
        "@angular/material": "^13.1.1",
        "@ionic/angular": "^6.0.1",
        "custom-components": "file:../../dist/custom-components"
      }
    },
    "../../dist/custom-components": {
      "version": "0.0.1",
      "peer": true,
      "dependencies": {
        "tslib": "^2.3.1"
      },
      "peerDependencies": {
        "@angular/cdk": "^13.1.1",
        "@angular/common": "^13.1.1",
        "@angular/core": "^13.1.1",
        "@angular/material": "^13.1.1",
        "@ionic/angular": "^6.0.1"
      }
    },
    "node_modules/@angular/animations": {
      "version": "14.3.0",
      "resolved": "https://registry.npmjs.org/@angular/animations/-/animations-14.3.0.tgz",
      "integrity": "sha512-QoBcIKy1ZiU+4qJsAh5Ls20BupWiXiZzKb0s6L9/dntPt5Msr4Ao289XR2P6O1L+kTsCprH9Kt41zyGQ/bkRqg==",
      "dev": true,
      "peer": true,
      "dependencies": {
        "tslib": "^2.3.0"
      },
      "engines": {
        "node": "^14.15.0 || >=16.10.0"
      },
      "peerDependencies": {
        "@angular/core": "14.3.0"
      }
    },
    "node_modules/@angular/cdk": {
      "version": "13.1.2",
      "resolved": "https://registry.npmjs.org/@angular/cdk/-/cdk-13.1.2.tgz",
      "integrity": "sha512-xORyqvfM0MueJpxHxVi3CR/X/f1RPKr45vt7NV6/x91OTnh2ukwxg++dAGuA6M5gUAHcVAcaBrfju4GQlU9hmg==",
      "dev": true,
      "dependencies": {
        "tslib": "^2.3.0"
      },
      "optionalDependencies": {
        "parse5": "^5.0.0"
      },
      "peerDependencies": {
        "@angular/common": "^13.0.0 || ^14.0.0-0",
        "@angular/core": "^13.0.0 || ^14.0.0-0",
        "rxjs": "^6.5.3 || ^7.4.0"
      }
    },
    "node_modules/@angular/common": {
      "version": "13.1.2",
      "resolved": "https://registry.npmjs.org/@angular/common/-/common-13.1.2.tgz",
      "integrity": "sha512-/8RWYQkZ1KPNvu2FANJM44wXlOMjMyxZVOEIn3llMRgxV2iiYtmluAOJNafTAbKedAuD6wiSpbi++QbioqCyyA==",
      "dev": true,
      "dependencies": {
        "tslib": "^2.3.0"
      },
      "engines": {
        "node": "^12.20.0 || ^14.15.0 || >=16.10.0"
      },
      "peerDependencies": {
        "@angular/core": "13.1.2",
        "rxjs": "^6.5.3 || ^7.4.0"
      }
    },
    "node_modules/@angular/core": {
      "version": "13.1.2",
      "resolved": "https://registry.npmjs.org/@angular/core/-/core-13.1.2.tgz",
      "integrity": "sha512-dsb90lUf8BELzdg7MgSMfPc36xzZKsDggOimfXhIvmctgc+H71Zo07KYTy5JVqsscLdT+A/KBvtU1bKk4P+Rfg==",
      "dev": true,
      "dependencies": {
        "tslib": "^2.3.0"
      },
      "engines": {
        "node": "^12.20.0 || ^14.15.0 || >=16.10.0"
      },
      "peerDependencies": {
        "rxjs": "^6.5.3 || ^7.4.0",
        "zone.js": "~0.11.4"
      }
    },
    "node_modules/@angular/forms": {
      "version": "14.3.0",
      "resolved": "https://registry.npmjs.org/@angular/forms/-/forms-14.3.0.tgz",
      "integrity": "sha512-fBZZC2UFMom2AZPjGQzROPXFWO6kvCsPDKctjJwClVC8PuMrkm+RRyiYRdBbt2qxWHEqOZM2OCQo73xUyZOYHw==",
      "dev": true,
      "peer": true,
      "dependencies": {
        "tslib": "^2.3.0"
      },
      "engines": {
        "node": "^14.15.0 || >=16.10.0"
      },
      "peerDependencies": {
        "@angular/common": "14.3.0",
        "@angular/core": "14.3.0",
        "@angular/platform-browser": "14.3.0",
        "rxjs": "^6.5.3 || ^7.4.0"
      }
    },
    "node_modules/@angular/material": {
      "version": "13.1.2",
      "resolved": "https://registry.npmjs.org/@angular/material/-/material-13.1.2.tgz",
      "integrity": "sha512-M7eDgTMCZ/naoiS6Z5nj3N/sNUFc+CGPHX4yb563RuknqN7huDCvdyxA6KnhYLZsVlNCPh5ZrEr6H8ZiYJWcpg==",
      "dev": true,
      "dependencies": {
        "tslib": "^2.3.0"
      },
      "peerDependencies": {
        "@angular/animations": "^13.0.0 || ^14.0.0-0",
        "@angular/cdk": "13.1.2",
        "@angular/common": "^13.0.0 || ^14.0.0-0",
        "@angular/core": "^13.0.0 || ^14.0.0-0",
        "@angular/forms": "^13.0.0 || ^14.0.0-0",
        "@angular/platform-browser": "^13.0.0 || ^14.0.0-0",
        "rxjs": "^6.5.3 || ^7.4.0"
      }
    },
    "node_modules/@angular/platform-browser": {
      "version": "14.3.0",
      "resolved": "https://registry.npmjs.org/@angular/platform-browser/-/platform-browser-14.3.0.tgz",
      "integrity": "sha512-w9Y3740UmTz44T0Egvc+4QV9sEbO61L+aRHbpkLTJdlEGzHByZvxJmJyBYmdqeyTPwc/Zpy7c02frlpfAlyB7A==",
      "dev": true,
      "peer": true,
      "dependencies": {
        "tslib": "^2.3.0"
      },
      "engines": {
        "node": "^14.15.0 || >=16.10.0"
      },
      "peerDependencies": {
        "@angular/animations": "14.3.0",
        "@angular/common": "14.3.0",
        "@angular/core": "14.3.0"
      },
      "peerDependenciesMeta": {
        "@angular/animations": {
          "optional": true
        }
      }
    },
    "node_modules/@angular/router": {
      "version": "15.2.5",
      "resolved": "https://registry.npmjs.org/@angular/router/-/router-15.2.5.tgz",
      "integrity": "sha512-NSEfx2wgPCS8EdXLbKUjNCXC29cMqEGDUrSv8+P/O+tY21Szkqp6uzGTOZJuSTOoKQmDEw9CRmuwxMKm2l6y/Q==",
      "dev": true,
      "peer": true,
      "dependencies": {
        "tslib": "^2.3.0"
      },
      "engines": {
        "node": "^14.20.0 || ^16.13.0 || >=18.10.0"
      },
      "peerDependencies": {
        "@angular/common": "15.2.5",
        "@angular/core": "15.2.5",
        "@angular/platform-browser": "15.2.5",
        "rxjs": "^6.5.3 || ^7.4.0"
      }
    },
    "node_modules/@capacitor-community/barcode-scanner": {
      "version": "2.1.1",
      "resolved": "https://registry.npmjs.org/@capacitor-community/barcode-scanner/-/barcode-scanner-2.1.1.tgz",
      "integrity": "sha512-K9qwYtQK4yn5cX+2datFXEf43uI/nl5tmaqEhBQ9vDr3eTQ6hgAqQI4z5mnSsTIBHx5QaPVD8C9MqkMGNG3V1A==",
      "dev": true,
      "peerDependencies": {
        "@capacitor/core": "^3.0.0"
      }
    },
    "node_modules/@capacitor/core": {
      "version": "3.9.0",
      "resolved": "https://registry.npmjs.org/@capacitor/core/-/core-3.9.0.tgz",
      "integrity": "sha512-j1lL0+/7stY8YhIq1Lm6xixvUqIn89vtyH5ZpJNNmcZ0kwz6K9eLkcG6fvq1UWMDgSVZg9JrRGSFhb4LLoYOsw==",
      "dev": true,
      "peer": true,
      "dependencies": {
        "tslib": "^2.1.0"
      }
    },
    "node_modules/@ionic/angular": {
      "version": "6.0.2",
      "resolved": "https://registry.npmjs.org/@ionic/angular/-/angular-6.0.2.tgz",
      "integrity": "sha512-uXORAswizjDEWFAzkng9sT3CIRY+0+D6Cj0IaYOquHIGeUsnPACKoitVPoyF1JxCeooJb8W4pyvEd8zWFfptYw==",
      "dev": true,
      "dependencies": {
        "@ionic/core": "^6.0.2",
        "jsonc-parser": "^3.0.0",
        "tslib": "^2.0.0"
      },
      "peerDependencies": {
        "@angular/core": ">=12.0.0",
        "@angular/forms": ">=12.0.0",
        "@angular/router": ">=12.0.0",
        "rxjs": ">=6.6.0",
        "zone.js": ">=0.11.0"
      }
    },
    "node_modules/@ionic/core": {
      "version": "6.0.2",
      "resolved": "https://registry.npmjs.org/@ionic/core/-/core-6.0.2.tgz",
      "integrity": "sha512-PE1dfI+klx9sNBFWLLX06jlP05ciQ2rvAJOJTJeo0ydqiIaK1ZELByRwjxaRC29QMXEuiCwANesmVIKScHHz8w==",
      "dev": true,
      "dependencies": {
        "@stencil/core": "~2.12.0",
        "ionicons": "^6.0.0",
        "tslib": "^2.1.0"
      }
    },
    "node_modules/@stencil/core": {
      "version": "2.12.1",
      "resolved": "https://registry.npmjs.org/@stencil/core/-/core-2.12.1.tgz",
      "integrity": "sha512-u24TZ+FEvjnZt5ZgIkLjLpUNsO6Ml3mUZqwmqk81w6RWWz75hgB5p4RFI5rvuErFeh2xvMIGo+pNdG24XUBz1A==",
      "dev": true,
      "bin": {
        "stencil": "bin/stencil"
      },
      "engines": {
        "node": ">=12.10.0",
        "npm": ">=6.0.0"
      }
    },
    "node_modules/custom-components": {
      "resolved": "../../dist/custom-components",
      "link": true
    },
    "node_modules/ionicons": {
      "version": "6.0.0",
      "resolved": "https://registry.npmjs.org/ionicons/-/ionicons-6.0.0.tgz",
      "integrity": "sha512-p83W1T8jZUlllHAjuIWaDQbI36OYqdrwcf8MhYbKW7+9rjGlCMP9+5OaR0W7tl0QfM004uAiy/zkc7HTpDNKgA==",
      "dev": true,
      "dependencies": {
        "@stencil/core": "~2.10.0"
      }
    },
    "node_modules/ionicons/node_modules/@stencil/core": {
      "version": "2.10.0",
      "resolved": "https://registry.npmjs.org/@stencil/core/-/core-2.10.0.tgz",
      "integrity": "sha512-15rWMTPQ/sp0lSV82HVCXkIya3QLN+uBl7pqK4JnTrp4HiLrzLmNbWjbvgCs55gw0lULbCIGbRIEsFz+Pe/Q+A==",
      "dev": true,
      "bin": {
        "stencil": "bin/stencil"
      },
      "engines": {
        "node": ">=12.10.0",
        "npm": ">=6.0.0"
      }
    },
    "node_modules/jsonc-parser": {
      "version": "3.0.0",
      "resolved": "https://registry.npmjs.org/jsonc-parser/-/jsonc-parser-3.0.0.tgz",
      "integrity": "sha512-fQzRfAbIBnR0IQvftw9FJveWiHp72Fg20giDrHz6TdfB12UH/uue0D3hm57UB5KgAVuniLMCaS8P1IMj9NR7cA==",
      "dev": true
    },
    "node_modules/parse5": {
      "version": "5.1.1",
      "resolved": "https://registry.npmjs.org/parse5/-/parse5-5.1.1.tgz",
      "integrity": "sha512-ugq4DFI0Ptb+WWjAdOK16+u/nHfiIrcE+sh8kZMaM0WllQKLI9rOUq6c2b7cwPkXdzfQESqvoqK6ug7U/Yyzug==",
      "dev": true,
      "optional": true
    },
    "node_modules/rxjs": {
      "version": "7.8.0",
      "resolved": "https://registry.npmjs.org/rxjs/-/rxjs-7.8.0.tgz",
      "integrity": "sha512-F2+gxDshqmIub1KdvZkaEfGDwLNpPvk9Fs6LD/MyQxNgMds/WH9OdDDXOmxUZpME+iSK3rQCctkL0DYyytUqMg==",
      "dev": true,
      "peer": true,
      "dependencies": {
        "tslib": "^2.1.0"
      }
    },
    "node_modules/tslib": {
      "version": "2.3.1",
      "resolved": "https://registry.npmjs.org/tslib/-/tslib-2.3.1.tgz",
      "integrity": "sha512-77EbyPPpMz+FRFRuAFlWMtmgUWGe9UOG2Z25NqCwiIjRhOf5iKGuzSe5P2w1laq+FkRy4p+PCuVkJSGkzTEKVw=="
    },
    "node_modules/zone.js": {
      "version": "0.11.8",
      "resolved": "https://registry.npmjs.org/zone.js/-/zone.js-0.11.8.tgz",
      "integrity": "sha512-82bctBg2hKcEJ21humWIkXRlLBBmrc3nN7DFh5LGGhcyycO2S7FN8NmdvlcKaGFDNVL4/9kFLmwmInTavdJERA==",
      "dev": true,
      "peer": true,
      "dependencies": {
        "tslib": "^2.3.0"
      }
    }
  },
  "dependencies": {
    "@angular/animations": {
      "version": "14.3.0",
      "resolved": "https://registry.npmjs.org/@angular/animations/-/animations-14.3.0.tgz",
      "integrity": "sha512-QoBcIKy1ZiU+4qJsAh5Ls20BupWiXiZzKb0s6L9/dntPt5Msr4Ao289XR2P6O1L+kTsCprH9Kt41zyGQ/bkRqg==",
      "dev": true,
      "peer": true,
      "requires": {
        "tslib": "^2.3.0"
      }
    },
    "@angular/cdk": {
      "version": "13.1.2",
      "resolved": "https://registry.npmjs.org/@angular/cdk/-/cdk-13.1.2.tgz",
      "integrity": "sha512-xORyqvfM0MueJpxHxVi3CR/X/f1RPKr45vt7NV6/x91OTnh2ukwxg++dAGuA6M5gUAHcVAcaBrfju4GQlU9hmg==",
      "dev": true,
      "requires": {
        "parse5": "^5.0.0",
        "tslib": "^2.3.0"
      }
    },
    "@angular/common": {
      "version": "13.1.2",
      "resolved": "https://registry.npmjs.org/@angular/common/-/common-13.1.2.tgz",
      "integrity": "sha512-/8RWYQkZ1KPNvu2FANJM44wXlOMjMyxZVOEIn3llMRgxV2iiYtmluAOJNafTAbKedAuD6wiSpbi++QbioqCyyA==",
      "dev": true,
      "requires": {
        "tslib": "^2.3.0"
      }
    },
    "@angular/core": {
      "version": "13.1.2",
      "resolved": "https://registry.npmjs.org/@angular/core/-/core-13.1.2.tgz",
      "integrity": "sha512-dsb90lUf8BELzdg7MgSMfPc36xzZKsDggOimfXhIvmctgc+H71Zo07KYTy5JVqsscLdT+A/KBvtU1bKk4P+Rfg==",
      "dev": true,
      "requires": {
        "tslib": "^2.3.0"
      }
    },
    "@angular/forms": {
      "version": "14.3.0",
      "resolved": "https://registry.npmjs.org/@angular/forms/-/forms-14.3.0.tgz",
      "integrity": "sha512-fBZZC2UFMom2AZPjGQzROPXFWO6kvCsPDKctjJwClVC8PuMrkm+RRyiYRdBbt2qxWHEqOZM2OCQo73xUyZOYHw==",
      "dev": true,
      "peer": true,
      "requires": {
        "tslib": "^2.3.0"
      }
    },
    "@angular/material": {
      "version": "13.1.2",
      "resolved": "https://registry.npmjs.org/@angular/material/-/material-13.1.2.tgz",
      "integrity": "sha512-M7eDgTMCZ/naoiS6Z5nj3N/sNUFc+CGPHX4yb563RuknqN7huDCvdyxA6KnhYLZsVlNCPh5ZrEr6H8ZiYJWcpg==",
      "dev": true,
      "requires": {
        "tslib": "^2.3.0"
      }
    },
    "@angular/platform-browser": {
      "version": "14.3.0",
      "resolved": "https://registry.npmjs.org/@angular/platform-browser/-/platform-browser-14.3.0.tgz",
      "integrity": "sha512-w9Y3740UmTz44T0Egvc+4QV9sEbO61L+aRHbpkLTJdlEGzHByZvxJmJyBYmdqeyTPwc/Zpy7c02frlpfAlyB7A==",
      "dev": true,
      "peer": true,
      "requires": {
        "tslib": "^2.3.0"
      }
    },
    "@angular/router": {
      "version": "15.2.5",
      "resolved": "https://registry.npmjs.org/@angular/router/-/router-15.2.5.tgz",
      "integrity": "sha512-NSEfx2wgPCS8EdXLbKUjNCXC29cMqEGDUrSv8+P/O+tY21Szkqp6uzGTOZJuSTOoKQmDEw9CRmuwxMKm2l6y/Q==",
      "dev": true,
      "peer": true,
      "requires": {
        "tslib": "^2.3.0"
      }
    },
    "@capacitor-community/barcode-scanner": {
      "version": "2.1.1",
      "resolved": "https://registry.npmjs.org/@capacitor-community/barcode-scanner/-/barcode-scanner-2.1.1.tgz",
      "integrity": "sha512-K9qwYtQK4yn5cX+2datFXEf43uI/nl5tmaqEhBQ9vDr3eTQ6hgAqQI4z5mnSsTIBHx5QaPVD8C9MqkMGNG3V1A==",
      "dev": true,
      "requires": {}
    },
    "@capacitor/core": {
      "version": "3.9.0",
      "resolved": "https://registry.npmjs.org/@capacitor/core/-/core-3.9.0.tgz",
      "integrity": "sha512-j1lL0+/7stY8YhIq1Lm6xixvUqIn89vtyH5ZpJNNmcZ0kwz6K9eLkcG6fvq1UWMDgSVZg9JrRGSFhb4LLoYOsw==",
      "dev": true,
      "peer": true,
      "requires": {
        "tslib": "^2.1.0"
      }
    },
    "@ionic/angular": {
      "version": "6.0.2",
      "resolved": "https://registry.npmjs.org/@ionic/angular/-/angular-6.0.2.tgz",
      "integrity": "sha512-uXORAswizjDEWFAzkng9sT3CIRY+0+D6Cj0IaYOquHIGeUsnPACKoitVPoyF1JxCeooJb8W4pyvEd8zWFfptYw==",
      "dev": true,
      "requires": {
        "@ionic/core": "^6.0.2",
        "jsonc-parser": "^3.0.0",
        "tslib": "^2.0.0"
      }
    },
    "@ionic/core": {
      "version": "6.0.2",
      "resolved": "https://registry.npmjs.org/@ionic/core/-/core-6.0.2.tgz",
      "integrity": "sha512-PE1dfI+klx9sNBFWLLX06jlP05ciQ2rvAJOJTJeo0ydqiIaK1ZELByRwjxaRC29QMXEuiCwANesmVIKScHHz8w==",
      "dev": true,
      "requires": {
        "@stencil/core": "~2.12.0",
        "ionicons": "^6.0.0",
        "tslib": "^2.1.0"
      }
    },
    "@stencil/core": {
      "version": "2.12.1",
      "resolved": "https://registry.npmjs.org/@stencil/core/-/core-2.12.1.tgz",
      "integrity": "sha512-u24TZ+FEvjnZt5ZgIkLjLpUNsO6Ml3mUZqwmqk81w6RWWz75hgB5p4RFI5rvuErFeh2xvMIGo+pNdG24XUBz1A==",
      "dev": true
    },
    "custom-components": {
      "version": "file:../../dist/custom-components",
      "requires": {
        "tslib": "^2.3.1"
      }
    },
    "ionicons": {
      "version": "6.0.0",
      "resolved": "https://registry.npmjs.org/ionicons/-/ionicons-6.0.0.tgz",
      "integrity": "sha512-p83W1T8jZUlllHAjuIWaDQbI36OYqdrwcf8MhYbKW7+9rjGlCMP9+5OaR0W7tl0QfM004uAiy/zkc7HTpDNKgA==",
      "dev": true,
      "requires": {
        "@stencil/core": "~2.10.0"
      },
      "dependencies": {
        "@stencil/core": {
          "version": "2.10.0",
          "resolved": "https://registry.npmjs.org/@stencil/core/-/core-2.10.0.tgz",
          "integrity": "sha512-15rWMTPQ/sp0lSV82HVCXkIya3QLN+uBl7pqK4JnTrp4HiLrzLmNbWjbvgCs55gw0lULbCIGbRIEsFz+Pe/Q+A==",
          "dev": true
        }
      }
    },
    "jsonc-parser": {
      "version": "3.0.0",
      "resolved": "https://registry.npmjs.org/jsonc-parser/-/jsonc-parser-3.0.0.tgz",
      "integrity": "sha512-fQzRfAbIBnR0IQvftw9FJveWiHp72Fg20giDrHz6TdfB12UH/uue0D3hm57UB5KgAVuniLMCaS8P1IMj9NR7cA==",
      "dev": true
    },
    "parse5": {
      "version": "5.1.1",
      "resolved": "https://registry.npmjs.org/parse5/-/parse5-5.1.1.tgz",
      "integrity": "sha512-ugq4DFI0Ptb+WWjAdOK16+u/nHfiIrcE+sh8kZMaM0WllQKLI9rOUq6c2b7cwPkXdzfQESqvoqK6ug7U/Yyzug==",
      "dev": true,
      "optional": true
    },
    "rxjs": {
      "version": "7.8.0",
      "resolved": "https://registry.npmjs.org/rxjs/-/rxjs-7.8.0.tgz",
      "integrity": "sha512-F2+gxDshqmIub1KdvZkaEfGDwLNpPvk9Fs6LD/MyQxNgMds/WH9OdDDXOmxUZpME+iSK3rQCctkL0DYyytUqMg==",
      "dev": true,
      "peer": true,
      "requires": {
        "tslib": "^2.1.0"
      }
    },
    "tslib": {
      "version": "2.3.1",
      "resolved": "https://registry.npmjs.org/tslib/-/tslib-2.3.1.tgz",
      "integrity": "sha512-77EbyPPpMz+FRFRuAFlWMtmgUWGe9UOG2Z25NqCwiIjRhOf5iKGuzSe5P2w1laq+FkRy4p+PCuVkJSGkzTEKVw=="
    },
    "zone.js": {
      "version": "0.11.8",
      "resolved": "https://registry.npmjs.org/zone.js/-/zone.js-0.11.8.tgz",
      "integrity": "sha512-82bctBg2hKcEJ21humWIkXRlLBBmrc3nN7DFh5LGGhcyycO2S7FN8NmdvlcKaGFDNVL4/9kFLmwmInTavdJERA==",
      "dev": true,
      "peer": true,
      "requires": {
        "tslib": "^2.3.0"
      }
    }
  }
}
